
Microsoft Visual Studio Solution File, Format Version 12.00
# Visual Studio 14
VisualStudioVersion = 14.0.25420.1
MinimumVisualStudioVersion = 10.0.40219.1
Project("{2150E333-8FDC-42A3-9474-1A3956D46DE8}") = "src", "src", "{7B95CD87-A04E-4B32-AE81-DAF792FE02B1}"
EndProject
Project("{2150E333-8FDC-42A3-9474-1A3956D46DE8}") = "Solution Items", "Solution Items", "{7EAA355A-A17C-4D87-B3AB-3CAD22BC2081}"
	ProjectSection(SolutionItems) = preProject
		global.json = global.json
	EndProjectSection
EndProject
Project("{8BB2217D-0F2D-49D1-97BC-3654ED321F3B}") = "MongoDB.Repository.Library", "src\MongoDB.Repository.Library\MongoDB.Repository.Library.xproj", "{009D9606-2AC3-48CB-99E7-D69250A57B65}"
EndProject
Project("{8BB2217D-0F2D-49D1-97BC-3654ED321F3B}") = "MongoDB.Client.Library", "src\MongoDB.Client.Library\MongoDB.Client.Library.xproj", "{DA32B10E-41EF-4AA0-A5CE-0AC6AA85A205}"
EndProject
Project("{8BB2217D-0F2D-49D1-97BC-3654ED321F3B}") = "MongoDB.Repository.Poco", "src\MongoDB.Repository.Poco\MongoDB.Repository.Poco.xproj", "{7284CAFC-83DC-43AF-84AA-A93A60228603}"
EndProject
Project("{8BB2217D-0F2D-49D1-97BC-3654ED321F3B}") = "MongoDB.Library.Api", "src\MongoDB.Library.Api\MongoDB.Library.Api.xproj", "{456FDCF2-C36F-4C26-94B0-7BEA41089283}"
EndProject
Project("{2150E333-8FDC-42A3-9474-1A3956D46DE8}") = "MongoDB.PocoJson.Model", "MongoDB.PocoJson.Model", "{87EF08DA-1948-4F58-AF22-8856490EE6D8}"
EndProject
Project("{8BB2217D-0F2D-49D1-97BC-3654ED321F3B}") = "MongoDB.JsonPoco.Model", "src\MongoDB.PocoJson.Model\MongoDB.JsonPoco.Model\MongoDB.JsonPoco.Model.xproj", "{08126B81-DAE3-4156-B355-F443BA579126}"
EndProject
Global
	GlobalSection(SolutionConfigurationPlatforms) = preSolution
		Debug|Any CPU = Debug|Any CPU
		Release|Any CPU = Release|Any CPU
	EndGlobalSection
	GlobalSection(ProjectConfigurationPlatforms) = postSolution
		{009D9606-2AC3-48CB-99E7-D69250A57B65}.Debug|Any CPU.ActiveCfg = Debug|Any CPU
		{009D9606-2AC3-48CB-99E7-D69250A57B65}.Debug|Any CPU.Build.0 = Debug|Any CPU
		{009D9606-2AC3-48CB-99E7-D69250A57B65}.Release|Any CPU.ActiveCfg = Release|Any CPU
		{009D9606-2AC3-48CB-99E7-D69250A57B65}.Release|Any CPU.Build.0 = Release|Any CPU
		{DA32B10E-41EF-4AA0-A5CE-0AC6AA85A205}.Debug|Any CPU.ActiveCfg = Debug|Any CPU
		{DA32B10E-41EF-4AA0-A5CE-0AC6AA85A205}.Debug|Any CPU.Build.0 = Debug|Any CPU
		{DA32B10E-41EF-4AA0-A5CE-0AC6AA85A205}.Release|Any CPU.ActiveCfg = Release|Any CPU
		{DA32B10E-41EF-4AA0-A5CE-0AC6AA85A205}.Release|Any CPU.Build.0 = Release|Any CPU
		{7284CAFC-83DC-43AF-84AA-A93A60228603}.Debug|Any CPU.ActiveCfg = Debug|Any CPU
		{7284CAFC-83DC-43AF-84AA-A93A60228603}.Debug|Any CPU.Build.0 = Debug|Any CPU
		{7284CAFC-83DC-43AF-84AA-A93A60228603}.Release|Any CPU.ActiveCfg = Release|Any CPU
		{7284CAFC-83DC-43AF-84AA-A93A60228603}.Release|Any CPU.Build.0 = Release|Any CPU
		{456FDCF2-C36F-4C26-94B0-7BEA41089283}.Debug|Any CPU.ActiveCfg = Debug|Any CPU
		{456FDCF2-C36F-4C26-94B0-7BEA41089283}.Debug|Any CPU.Build.0 = Debug|Any CPU
		{456FDCF2-C36F-4C26-94B0-7BEA41089283}.Release|Any CPU.ActiveCfg = Release|Any CPU
		{456FDCF2-C36F-4C26-94B0-7BEA41089283}.Release|Any CPU.Build.0 = Release|Any CPU
		{08126B81-DAE3-4156-B355-F443BA579126}.Debug|Any CPU.ActiveCfg = Debug|Any CPU
		{08126B81-DAE3-4156-B355-F443BA579126}.Debug|Any CPU.Build.0 = Debug|Any CPU
		{08126B81-DAE3-4156-B355-F443BA579126}.Release|Any CPU.ActiveCfg = Release|Any CPU
		{08126B81-DAE3-4156-B355-F443BA579126}.Release|Any CPU.Build.0 = Release|Any CPU
	EndGlobalSection
	GlobalSection(SolutionProperties) = preSolution
		HideSolutionNode = FALSE
	EndGlobalSection
	GlobalSection(NestedProjects) = preSolution
		{009D9606-2AC3-48CB-99E7-D69250A57B65} = {7B95CD87-A04E-4B32-AE81-DAF792FE02B1}
		{DA32B10E-41EF-4AA0-A5CE-0AC6AA85A205} = {7B95CD87-A04E-4B32-AE81-DAF792FE02B1}
		{7284CAFC-83DC-43AF-84AA-A93A60228603} = {7B95CD87-A04E-4B32-AE81-DAF792FE02B1}
		{456FDCF2-C36F-4C26-94B0-7BEA41089283} = {7B95CD87-A04E-4B32-AE81-DAF792FE02B1}
		{87EF08DA-1948-4F58-AF22-8856490EE6D8} = {7B95CD87-A04E-4B32-AE81-DAF792FE02B1}
		{08126B81-DAE3-4156-B355-F443BA579126} = {87EF08DA-1948-4F58-AF22-8856490EE6D8}
	EndGlobalSection
EndGlobal
